
Microsoft Visual Studio Solution File, Format Version 12.00
# Visual Studio Version 16
VisualStudioVersion = 16.0.31515.178
MinimumVisualStudioVersion = 10.0.40219.1
Project("{8BC9CEB8-8B4A-11D0-8D11-00A0C91BC942}") = "gdi3-234tree", "gdi3-234tree\gdi3-234tree.vcxproj", "{8DA60E9A-051B-4FE7-85F3-5E72DAA03BCC}"
EndProject
Global
	GlobalSection(SolutionConfigurationPlatforms) = preSolution
		Debug|x64 = Debug|x64
		Debug|x86 = Debug|x86
		Release|x64 = Release|x64
		Release|x86 = Release|x86
	EndGlobalSection
	GlobalSection(ProjectConfigurationPlatforms) = postSolution
		{8DA60E9A-051B-4FE7-85F3-5E72DAA03BCC}.Debug|x64.ActiveCfg = Debug|x64
		{8DA60E9A-051B-4FE7-85F3-5E72DAA03BCC}.Debug|x64.Build.0 = Debug|x64
		{8DA60E9A-051B-4FE7-85F3-5E72DAA03BCC}.Debug|x86.ActiveCfg = Debug|Win32
		{8DA60E9A-051B-4FE7-85F3-5E72DAA03BCC}.Debug|x86.Build.0 = Debug|Win32
		{8DA60E9A-051B-4FE7-85F3-5E72DAA03BCC}.Release|x64.ActiveCfg = Release|x64
		{8DA60E9A-051B-4FE7-85F3-5E72DAA03BCC}.Release|x64.Build.0 = Release|x64
		{8DA60E9A-051B-4FE7-85F3-5E72DAA03BCC}.Release|x86.ActiveCfg = Release|Win32
		{8DA60E9A-051B-4FE7-85F3-5E72DAA03BCC}.Release|x86.Build.0 = Release|Win32
	EndGlobalSection
	GlobalSection(SolutionProperties) = preSolution
		HideSolutionNode = FALSE
	EndGlobalSection
	GlobalSection(ExtensibilityGlobals) = postSolution
		SolutionGuid = {86D448B0-EC1B-461F-97DD-307AE567E1CF}
	EndGlobalSection
EndGlobal
